
Microsoft Visual Studio Solution File, Format Version 12.00
# Visual Studio Version 16
VisualStudioVersion = 16.0.31729.503
MinimumVisualStudioVersion = 10.0.40219.1
Project("{FAE04EC0-301F-11D3-BF4B-00C04F79EFBC}") = "IN2U", "IN2U.csproj", "{407B9505-480F-4FE3-89B3-51CF61295757}"
EndProject
Global
	GlobalSection(SolutionConfigurationPlatforms) = preSolution
		Debug|Any CPU = Debug|Any CPU
		Release|Any CPU = Release|Any CPU
	EndGlobalSection
	GlobalSection(ProjectConfigurationPlatforms) = postSolution
		{407B9505-480F-4FE3-89B3-51CF61295757}.Debug|Any CPU.ActiveCfg = Debug|Any CPU
		{407B9505-480F-4FE3-89B3-51CF61295757}.Debug|Any CPU.Build.0 = Debug|Any CPU
		{407B9505-480F-4FE3-89B3-51CF61295757}.Release|Any CPU.ActiveCfg = Release|Any CPU
		{407B9505-480F-4FE3-89B3-51CF61295757}.Release|Any CPU.Build.0 = Release|Any CPU
	EndGlobalSection
	GlobalSection(SolutionProperties) = preSolution
		HideSolutionNode = FALSE
	EndGlobalSection
	GlobalSection(ExtensibilityGlobals) = postSolution
		SolutionGuid = {4C2A1FEC-CD7D-4B09-B8BB-CE5C7761A344}
	EndGlobalSection
EndGlobal
